// !$*UTF8*$!
{
	archiveVersion = 1;
	classes = {
	};
	objectVersion = 56;
	objects = {

/* Begin PBXBuildFile section */
		85700DA92A29FDFA00F2AD3E /* AppDelegate.swift in Sources */ = {isa = PBXBuildFile; fileRef = 85700DA82A29FDFA00F2AD3E /* AppDelegate.swift */; };
		85700DAB2A29FDFA00F2AD3E /* SceneDelegate.swift in Sources */ = {isa = PBXBuildFile; fileRef = 85700DAA2A29FDFA00F2AD3E /* SceneDelegate.swift */; };
		85700DAD2A29FDFA00F2AD3E /* ViewController.swift in Sources */ = {isa = PBXBuildFile; fileRef = 85700DAC2A29FDFA00F2AD3E /* ViewController.swift */; };
		85700DB22A29FDFB00F2AD3E /* Assets.xcassets in Resources */ = {isa = PBXBuildFile; fileRef = 85700DB12A29FDFB00F2AD3E /* Assets.xcassets */; };
		85700DB52A29FDFB00F2AD3E /* LaunchScreen.storyboard in Resources */ = {isa = PBXBuildFile; fileRef = 85700DB32A29FDFB00F2AD3E /* LaunchScreen.storyboard */; };
		85700DC22A29FF8400F2AD3E /* ApiService.swift in Sources */ = {isa = PBXBuildFile; fileRef = 85700DC12A29FF8400F2AD3E /* ApiService.swift */; };
		85700DC42A29FFA300F2AD3E /* HomeViewController.swift in Sources */ = {isa = PBXBuildFile; fileRef = 85700DC32A29FFA300F2AD3E /* HomeViewController.swift */; };
		85700DC62A2A01DF00F2AD3E /* ProductsModel.swift in Sources */ = {isa = PBXBuildFile; fileRef = 85700DC52A2A01DF00F2AD3E /* ProductsModel.swift */; };
		85700DC82A2A04F500F2AD3E /* CollectionView.swift in Sources */ = {isa = PBXBuildFile; fileRef = 85700DC72A2A04F500F2AD3E /* CollectionView.swift */; };
		85700DCA2A2A051D00F2AD3E /* CustomCell.swift in Sources */ = {isa = PBXBuildFile; fileRef = 85700DC92A2A051D00F2AD3E /* CustomCell.swift */; };
		85700DCD2A2A054600F2AD3E /* Extensions.swift in Sources */ = {isa = PBXBuildFile; fileRef = 85700DCC2A2A054600F2AD3E /* Extensions.swift */; };
		85700DCF2A2A06BD00F2AD3E /* HomeViewModel.swift in Sources */ = {isa = PBXBuildFile; fileRef = 85700DCE2A2A06BD00F2AD3E /* HomeViewModel.swift */; };
		85700DD12A2A0A3600F2AD3E /* CustomActivityIndicator.swift in Sources */ = {isa = PBXBuildFile; fileRef = 85700DD02A2A0A3600F2AD3E /* CustomActivityIndicator.swift */; };
		85700DD32A2A2D3000F2AD3E /* ProductDetailViewController.swift in Sources */ = {isa = PBXBuildFile; fileRef = 85700DD22A2A2D3000F2AD3E /* ProductDetailViewController.swift */; };
		85700DD52A2A3FF600F2AD3E /* ProductDetailViewModel.swift in Sources */ = {isa = PBXBuildFile; fileRef = 85700DD42A2A3FF600F2AD3E /* ProductDetailViewModel.swift */; };
		85700DD72A2A402500F2AD3E /* ProductDetailModel.swift in Sources */ = {isa = PBXBuildFile; fileRef = 85700DD62A2A402500F2AD3E /* ProductDetailModel.swift */; };
		85700DD92A2A765F00F2AD3E /* RealmService.swift in Sources */ = {isa = PBXBuildFile; fileRef = 85700DD82A2A765F00F2AD3E /* RealmService.swift */; };
		85700DDC2A2AFBBE00F2AD3E /* Realm in Frameworks */ = {isa = PBXBuildFile; productRef = 85700DDB2A2AFBBE00F2AD3E /* Realm */; };
		85700DDE2A2AFBBE00F2AD3E /* RealmSwift in Frameworks */ = {isa = PBXBuildFile; productRef = 85700DDD2A2AFBBE00F2AD3E /* RealmSwift */; };
		85700DE02A2AFCD700F2AD3E /* FavoriteModel.swift in Sources */ = {isa = PBXBuildFile; fileRef = 85700DDF2A2AFCD700F2AD3E /* FavoriteModel.swift */; };
/* End PBXBuildFile section */

/* Begin PBXFileReference section */
		85700DA52A29FDFA00F2AD3E /* BeymenTask.app */ = {isa = PBXFileReference; explicitFileType = wrapper.application; includeInIndex = 0; path = BeymenTask.app; sourceTree = BUILT_PRODUCTS_DIR; };
		85700DA82A29FDFA00F2AD3E /* AppDelegate.swift */ = {isa = PBXFileReference; lastKnownFileType = sourcecode.swift; path = AppDelegate.swift; sourceTree = "<group>"; };
		85700DAA2A29FDFA00F2AD3E /* SceneDelegate.swift */ = {isa = PBXFileReference; lastKnownFileType = sourcecode.swift; path = SceneDelegate.swift; sourceTree = "<group>"; };
		85700DAC2A29FDFA00F2AD3E /* ViewController.swift */ = {isa = PBXFileReference; lastKnownFileType = sourcecode.swift; path = ViewController.swift; sourceTree = "<group>"; };
		85700DB12A29FDFB00F2AD3E /* Assets.xcassets */ = {isa = PBXFileReference; lastKnownFileType = folder.assetcatalog; path = Assets.xcassets; sourceTree = "<group>"; };
		85700DB42A29FDFB00F2AD3E /* Base */ = {isa = PBXFileReference; lastKnownFileType = file.storyboard; name = Base; path = Base.lproj/LaunchScreen.storyboard; sourceTree = "<group>"; };
		85700DB62A29FDFB00F2AD3E /* Info.plist */ = {isa = PBXFileReference; lastKnownFileType = text.plist.xml; path = Info.plist; sourceTree = "<group>"; };
		85700DC12A29FF8400F2AD3E /* ApiService.swift */ = {isa = PBXFileReference; lastKnownFileType = sourcecode.swift; path = ApiService.swift; sourceTree = "<group>"; };
		85700DC32A29FFA300F2AD3E /* HomeViewController.swift */ = {isa = PBXFileReference; lastKnownFileType = sourcecode.swift; path = HomeViewController.swift; sourceTree = "<group>"; };
		85700DC52A2A01DF00F2AD3E /* ProductsModel.swift */ = {isa = PBXFileReference; lastKnownFileType = sourcecode.swift; path = ProductsModel.swift; sourceTree = "<group>"; };
		85700DC72A2A04F500F2AD3E /* CollectionView.swift */ = {isa = PBXFileReference; lastKnownFileType = sourcecode.swift; path = CollectionView.swift; sourceTree = "<group>"; };
		85700DC92A2A051D00F2AD3E /* CustomCell.swift */ = {isa = PBXFileReference; lastKnownFileType = sourcecode.swift; path = CustomCell.swift; sourceTree = "<group>"; };
		85700DCC2A2A054600F2AD3E /* Extensions.swift */ = {isa = PBXFileReference; fileEncoding = 4; lastKnownFileType = sourcecode.swift; path = Extensions.swift; sourceTree = "<group>"; };
		85700DCE2A2A06BD00F2AD3E /* HomeViewModel.swift */ = {isa = PBXFileReference; lastKnownFileType = sourcecode.swift; path = HomeViewModel.swift; sourceTree = "<group>"; };
		85700DD02A2A0A3600F2AD3E /* CustomActivityIndicator.swift */ = {isa = PBXFileReference; lastKnownFileType = sourcecode.swift; path = CustomActivityIndicator.swift; sourceTree = "<group>"; };
		85700DD22A2A2D3000F2AD3E /* ProductDetailViewController.swift */ = {isa = PBXFileReference; lastKnownFileType = sourcecode.swift; path = ProductDetailViewController.swift; sourceTree = "<group>"; };
		85700DD42A2A3FF600F2AD3E /* ProductDetailViewModel.swift */ = {isa = PBXFileReference; lastKnownFileType = sourcecode.swift; path = ProductDetailViewModel.swift; sourceTree = "<group>"; };
		85700DD62A2A402500F2AD3E /* ProductDetailModel.swift */ = {isa = PBXFileReference; lastKnownFileType = sourcecode.swift; path = ProductDetailModel.swift; sourceTree = "<group>"; };
		85700DD82A2A765F00F2AD3E /* RealmService.swift */ = {isa = PBXFileReference; lastKnownFileType = sourcecode.swift; path = RealmService.swift; sourceTree = "<group>"; };
		85700DDF2A2AFCD700F2AD3E /* FavoriteModel.swift */ = {isa = PBXFileReference; lastKnownFileType = sourcecode.swift; path = FavoriteModel.swift; sourceTree = "<group>"; };
/* End PBXFileReference section */

/* Begin PBXFrameworksBuildPhase section */
		85700DA22A29FDFA00F2AD3E /* Frameworks */ = {
			isa = PBXFrameworksBuildPhase;
			buildActionMask = 2147483647;
			files = (
				85700DDE2A2AFBBE00F2AD3E /* RealmSwift in Frameworks */,
				85700DDC2A2AFBBE00F2AD3E /* Realm in Frameworks */,
			);
			runOnlyForDeploymentPostprocessing = 0;
		};
/* End PBXFrameworksBuildPhase section */

/* Begin PBXGroup section */
		85700D9C2A29FDFA00F2AD3E = {
			isa = PBXGroup;
			children = (
				85700DA72A29FDFA00F2AD3E /* BeymenTask */,
				85700DA62A29FDFA00F2AD3E /* Products */,
			);
			sourceTree = "<group>";
		};
		85700DA62A29FDFA00F2AD3E /* Products */ = {
			isa = PBXGroup;
			children = (
				85700DA52A29FDFA00F2AD3E /* BeymenTask.app */,
			);
			name = Products;
			sourceTree = "<group>";
		};
		85700DA72A29FDFA00F2AD3E /* BeymenTask */ = {
			isa = PBXGroup;
			children = (
				85700DCB2A2A053A00F2AD3E /* Helpers */,
				85700DC02A29FF6B00F2AD3E /* API */,
				85700DBF2A29FF6000F2AD3E /* Controller */,
				85700DBE2A29FE9200F2AD3E /* ViewModel */,
				85700DBD2A29FE8600F2AD3E /* View */,
				85700DBC2A29FE7500F2AD3E /* Model */,
				85700DA82A29FDFA00F2AD3E /* AppDelegate.swift */,
				85700DAA2A29FDFA00F2AD3E /* SceneDelegate.swift */,
				85700DAC2A29FDFA00F2AD3E /* ViewController.swift */,
				85700DB12A29FDFB00F2AD3E /* Assets.xcassets */,
				85700DB32A29FDFB00F2AD3E /* LaunchScreen.storyboard */,
				85700DB62A29FDFB00F2AD3E /* Info.plist */,
			);
			path = BeymenTask;
			sourceTree = "<group>";
		};
		85700DBC2A29FE7500F2AD3E /* Model */ = {
			isa = PBXGroup;
			children = (
				85700DC52A2A01DF00F2AD3E /* ProductsModel.swift */,
				85700DD62A2A402500F2AD3E /* ProductDetailModel.swift */,
				85700DDF2A2AFCD700F2AD3E /* FavoriteModel.swift */,
			);
			path = Model;
			sourceTree = "<group>";
		};
		85700DBD2A29FE8600F2AD3E /* View */ = {
			isa = PBXGroup;
			children = (
				85700DC72A2A04F500F2AD3E /* CollectionView.swift */,
				85700DC92A2A051D00F2AD3E /* CustomCell.swift */,
				85700DD02A2A0A3600F2AD3E /* CustomActivityIndicator.swift */,
			);
			path = View;
			sourceTree = "<group>";
		};
		85700DBE2A29FE9200F2AD3E /* ViewModel */ = {
			isa = PBXGroup;
			children = (
				85700DCE2A2A06BD00F2AD3E /* HomeViewModel.swift */,
				85700DD42A2A3FF600F2AD3E /* ProductDetailViewModel.swift */,
			);
			path = ViewModel;
			sourceTree = "<group>";
		};
		85700DBF2A29FF6000F2AD3E /* Controller */ = {
			isa = PBXGroup;
			children = (
				85700DC32A29FFA300F2AD3E /* HomeViewController.swift */,
				85700DD22A2A2D3000F2AD3E /* ProductDetailViewController.swift */,
			);
			path = Controller;
			sourceTree = "<group>";
		};
		85700DC02A29FF6B00F2AD3E /* API */ = {
			isa = PBXGroup;
			children = (
				85700DC12A29FF8400F2AD3E /* ApiService.swift */,
				85700DD82A2A765F00F2AD3E /* RealmService.swift */,
			);
			path = API;
			sourceTree = "<group>";
		};
		85700DCB2A2A053A00F2AD3E /* Helpers */ = {
			isa = PBXGroup;
			children = (
				85700DCC2A2A054600F2AD3E /* Extensions.swift */,
			);
			path = Helpers;
			sourceTree = "<group>";
		};
/* End PBXGroup section */

/* Begin PBXNativeTarget section */
		85700DA42A29FDFA00F2AD3E /* BeymenTask */ = {
			isa = PBXNativeTarget;
			buildConfigurationList = 85700DB92A29FDFB00F2AD3E /* Build configuration list for PBXNativeTarget "BeymenTask" */;
			buildPhases = (
				85700DA12A29FDFA00F2AD3E /* Sources */,
				85700DA22A29FDFA00F2AD3E /* Frameworks */,
				85700DA32A29FDFA00F2AD3E /* Resources */,
			);
			buildRules = (
			);
			dependencies = (
			);
			name = BeymenTask;
			packageProductDependencies = (
				85700DDB2A2AFBBE00F2AD3E /* Realm */,
				85700DDD2A2AFBBE00F2AD3E /* RealmSwift */,
			);
			productName = BeymenTask;
			productReference = 85700DA52A29FDFA00F2AD3E /* BeymenTask.app */;
			productType = "com.apple.product-type.application";
		};
/* End PBXNativeTarget section */

/* Begin PBXProject section */
		85700D9D2A29FDFA00F2AD3E /* Project object */ = {
			isa = PBXProject;
			attributes = {
				BuildIndependentTargetsInParallel = 1;
				LastSwiftUpdateCheck = 1430;
				LastUpgradeCheck = 1430;
				TargetAttributes = {
					85700DA42A29FDFA00F2AD3E = {
						CreatedOnToolsVersion = 14.3;
					};
				};
			};
			buildConfigurationList = 85700DA02A29FDFA00F2AD3E /* Build configuration list for PBXProject "BeymenTask" */;
			compatibilityVersion = "Xcode 14.0";
			developmentRegion = en;
			hasScannedForEncodings = 0;
			knownRegions = (
				en,
				Base,
			);
			mainGroup = 85700D9C2A29FDFA00F2AD3E;
			packageReferences = (
				85700DDA2A2AFBBE00F2AD3E /* XCRemoteSwiftPackageReference "realm-swift" */,
			);
			productRefGroup = 85700DA62A29FDFA00F2AD3E /* Products */;
			projectDirPath = "";
			projectRoot = "";
			targets = (
				85700DA42A29FDFA00F2AD3E /* BeymenTask */,
			);
		};
/* End PBXProject section */

/* Begin PBXResourcesBuildPhase section */
		85700DA32A29FDFA00F2AD3E /* Resources */ = {
			isa = PBXResourcesBuildPhase;
			buildActionMask = 2147483647;
			files = (
				85700DB52A29FDFB00F2AD3E /* LaunchScreen.storyboard in Resources */,
				85700DB22A29FDFB00F2AD3E /* Assets.xcassets in Resources */,
			);
			runOnlyForDeploymentPostprocessing = 0;
		};
/* End PBXResourcesBuildPhase section */

/* Begin PBXSourcesBuildPhase section */
		85700DA12A29FDFA00F2AD3E /* Sources */ = {
			isa = PBXSourcesBuildPhase;
			buildActionMask = 2147483647;
			files = (
				85700DC42A29FFA300F2AD3E /* HomeViewController.swift in Sources */,
				85700DCD2A2A054600F2AD3E /* Extensions.swift in Sources */,
				85700DD72A2A402500F2AD3E /* ProductDetailModel.swift in Sources */,
				85700DC62A2A01DF00F2AD3E /* ProductsModel.swift in Sources */,
				85700DCF2A2A06BD00F2AD3E /* HomeViewModel.swift in Sources */,
				85700DC82A2A04F500F2AD3E /* CollectionView.swift in Sources */,
				85700DAD2A29FDFA00F2AD3E /* ViewController.swift in Sources */,
				85700DD32A2A2D3000F2AD3E /* ProductDetailViewController.swift in Sources */,
				85700DA92A29FDFA00F2AD3E /* AppDelegate.swift in Sources */,
				85700DD52A2A3FF600F2AD3E /* ProductDetailViewModel.swift in Sources */,
				85700DC22A29FF8400F2AD3E /* ApiService.swift in Sources */,
				85700DD12A2A0A3600F2AD3E /* CustomActivityIndicator.swift in Sources */,
				85700DD92A2A765F00F2AD3E /* RealmService.swift in Sources */,
				85700DCA2A2A051D00F2AD3E /* CustomCell.swift in Sources */,
				85700DAB2A29FDFA00F2AD3E /* SceneDelegate.swift in Sources */,
				85700DE02A2AFCD700F2AD3E /* FavoriteModel.swift in Sources */,
			);
			runOnlyForDeploymentPostprocessing = 0;
		};
/* End PBXSourcesBuildPhase section */

/* Begin PBXVariantGroup section */
		85700DB32A29FDFB00F2AD3E /* LaunchScreen.storyboard */ = {
			isa = PBXVariantGroup;
			children = (
				85700DB42A29FDFB00F2AD3E /* Base */,
			);
			name = LaunchScreen.storyboard;
			sourceTree = "<group>";
		};
/* End PBXVariantGroup section */

/* Begin XCBuildConfiguration section */
		85700DB72A29FDFB00F2AD3E /* Debug */ = {
			isa = XCBuildConfiguration;
			buildSettings = {
				ALWAYS_SEARCH_USER_PATHS = NO;
				CLANG_ANALYZER_NONNULL = YES;
				CLANG_ANALYZER_NUMBER_OBJECT_CONVERSION = YES_AGGRESSIVE;
				CLANG_CXX_LANGUAGE_STANDARD = "gnu++20";
				CLANG_ENABLE_MODULES = YES;
				CLANG_ENABLE_OBJC_ARC = YES;
				CLANG_ENABLE_OBJC_WEAK = YES;
				CLANG_WARN_BLOCK_CAPTURE_AUTORELEASING = YES;
				CLANG_WARN_BOOL_CONVERSION = YES;
				CLANG_WARN_COMMA = YES;
				CLANG_WARN_CONSTANT_CONVERSION = YES;
				CLANG_WARN_DEPRECATED_OBJC_IMPLEMENTATIONS = YES;
				CLANG_WARN_DIRECT_OBJC_ISA_USAGE = YES_ERROR;
				CLANG_WARN_DOCUMENTATION_COMMENTS = YES;
				CLANG_WARN_EMPTY_BODY = YES;
				CLANG_WARN_ENUM_CONVERSION = YES;
				CLANG_WARN_INFINITE_RECURSION = YES;
				CLANG_WARN_INT_CONVERSION = YES;
				CLANG_WARN_NON_LITERAL_NULL_CONVERSION = YES;
				CLANG_WARN_OBJC_IMPLICIT_RETAIN_SELF = YES;
				CLANG_WARN_OBJC_LITERAL_CONVERSION = YES;
				CLANG_WARN_OBJC_ROOT_CLASS = YES_ERROR;
				CLANG_WARN_QUOTED_INCLUDE_IN_FRAMEWORK_HEADER = YES;
				CLANG_WARN_RANGE_LOOP_ANALYSIS = YES;
				CLANG_WARN_STRICT_PROTOTYPES = YES;
				CLANG_WARN_SUSPICIOUS_MOVE = YES;
				CLANG_WARN_UNGUARDED_AVAILABILITY = YES_AGGRESSIVE;
				CLANG_WARN_UNREACHABLE_CODE = YES;
				CLANG_WARN__DUPLICATE_METHOD_MATCH = YES;
				COPY_PHASE_STRIP = NO;
				DEBUG_INFORMATION_FORMAT = dwarf;
				ENABLE_STRICT_OBJC_MSGSEND = YES;
				ENABLE_TESTABILITY = YES;
				GCC_C_LANGUAGE_STANDARD = gnu11;
				GCC_DYNAMIC_NO_PIC = NO;
				GCC_NO_COMMON_BLOCKS = YES;
				GCC_OPTIMIZATION_LEVEL = 0;
				GCC_PREPROCESSOR_DEFINITIONS = (
					"DEBUG=1",
					"$(inherited)",
				);
				GCC_WARN_64_TO_32_BIT_CONVERSION = YES;
				GCC_WARN_ABOUT_RETURN_TYPE = YES_ERROR;
				GCC_WARN_UNDECLARED_SELECTOR = YES;
				GCC_WARN_UNINITIALIZED_AUTOS = YES_AGGRESSIVE;
				GCC_WARN_UNUSED_FUNCTION = YES;
				GCC_WARN_UNUSED_VARIABLE = YES;
				IPHONEOS_DEPLOYMENT_TARGET = 16.4;
				MTL_ENABLE_DEBUG_INFO = INCLUDE_SOURCE;
				MTL_FAST_MATH = YES;
				ONLY_ACTIVE_ARCH = YES;
				SDKROOT = iphoneos;
				SWIFT_ACTIVE_COMPILATION_CONDITIONS = DEBUG;
				SWIFT_OPTIMIZATION_LEVEL = "-Onone";
			};
			name = Debug;
		};
		85700DB82A29FDFB00F2AD3E /* Release */ = {
			isa = XCBuildConfiguration;
			buildSettings = {
				ALWAYS_SEARCH_USER_PATHS = NO;
				CLANG_ANALYZER_NONNULL = YES;
				CLANG_ANALYZER_NUMBER_OBJECT_CONVERSION = YES_AGGRESSIVE;
				CLANG_CXX_LANGUAGE_STANDARD = "gnu++20";
				CLANG_ENABLE_MODULES = YES;
				CLANG_ENABLE_OBJC_ARC = YES;
				CLANG_ENABLE_OBJC_WEAK = YES;
				CLANG_WARN_BLOCK_CAPTURE_AUTORELEASING = YES;
				CLANG_WARN_BOOL_CONVERSION = YES;
				CLANG_WARN_COMMA = YES;
				CLANG_WARN_CONSTANT_CONVERSION = YES;
				CLANG_WARN_DEPRECATED_OBJC_IMPLEMENTATIONS = YES;
				CLANG_WARN_DIRECT_OBJC_ISA_USAGE = YES_ERROR;
				CLANG_WARN_DOCUMENTATION_COMMENTS = YES;
				CLANG_WARN_EMPTY_BODY = YES;
				CLANG_WARN_ENUM_CONVERSION = YES;
				CLANG_WARN_INFINITE_RECURSION = YES;
				CLANG_WARN_INT_CONVERSION = YES;
				CLANG_WARN_NON_LITERAL_NULL_CONVERSION = YES;
				CLANG_WARN_OBJC_IMPLICIT_RETAIN_SELF = YES;
				CLANG_WARN_OBJC_LITERAL_CONVERSION = YES;
				CLANG_WARN_OBJC_ROOT_CLASS = YES_ERROR;
				CLANG_WARN_QUOTED_INCLUDE_IN_FRAMEWORK_HEADER = YES;
				CLANG_WARN_RANGE_LOOP_ANALYSIS = YES;
				CLANG_WARN_STRICT_PROTOTYPES = YES;
				CLANG_WARN_SUSPICIOUS_MOVE = YES;
				CLANG_WARN_UNGUARDED_AVAILABILITY = YES_AGGRESSIVE;
				CLANG_WARN_UNREACHABLE_CODE = YES;
				CLANG_WARN__DUPLICATE_METHOD_MATCH = YES;
				COPY_PHASE_STRIP = NO;
				DEBUG_INFORMATION_FORMAT = "dwarf-with-dsym";
				ENABLE_NS_ASSERTIONS = NO;
				ENABLE_STRICT_OBJC_MSGSEND = YES;
				GCC_C_LANGUAGE_STANDARD = gnu11;
				GCC_NO_COMMON_BLOCKS = YES;
				GCC_WARN_64_TO_32_BIT_CONVERSION = YES;
				GCC_WARN_ABOUT_RETURN_TYPE = YES_ERROR;
				GCC_WARN_UNDECLARED_SELECTOR = YES;
				GCC_WARN_UNINITIALIZED_AUTOS = YES_AGGRESSIVE;
				GCC_WARN_UNUSED_FUNCTION = YES;
				GCC_WARN_UNUSED_VARIABLE = YES;
				IPHONEOS_DEPLOYMENT_TARGET = 16.4;
				MTL_ENABLE_DEBUG_INFO = NO;
				MTL_FAST_MATH = YES;
				SDKROOT = iphoneos;
				SWIFT_COMPILATION_MODE = wholemodule;
				SWIFT_OPTIMIZATION_LEVEL = "-O";
				VALIDATE_PRODUCT = YES;
			};
			name = Release;
		};
		85700DBA2A29FDFB00F2AD3E /* Debug */ = {
			isa = XCBuildConfiguration;
			buildSettings = {
				ASSETCATALOG_COMPILER_APPICON_NAME = AppIcon;
				ASSETCATALOG_COMPILER_GLOBAL_ACCENT_COLOR_NAME = AccentColor;
				CODE_SIGN_STYLE = Automatic;
				CURRENT_PROJECT_VERSION = 1;
				DEVELOPMENT_TEAM = Y8F7U4Y956;
				GENERATE_INFOPLIST_FILE = YES;
				INFOPLIST_FILE = BeymenTask/Info.plist;
				INFOPLIST_KEY_UIApplicationSupportsIndirectInputEvents = YES;
				INFOPLIST_KEY_UILaunchStoryboardName = LaunchScreen;
				INFOPLIST_KEY_UISupportedInterfaceOrientations_iPad = "UIInterfaceOrientationPortrait UIInterfaceOrientationPortraitUpsideDown UIInterfaceOrientationLandscapeLeft UIInterfaceOrientationLandscapeRight";
				INFOPLIST_KEY_UISupportedInterfaceOrientations_iPhone = "UIInterfaceOrientationPortrait UIInterfaceOrientationLandscapeLeft UIInterfaceOrientationLandscapeRight";
				LD_RUNPATH_SEARCH_PATHS = (
					"$(inherited)",
					"@executable_path/Frameworks",
				);
				MARKETING_VERSION = 1.0;
				PRODUCT_BUNDLE_IDENTIFIER = com.fmmaltd.BeymenTask;
				PRODUCT_NAME = "$(TARGET_NAME)";
				SWIFT_EMIT_LOC_STRINGS = YES;
				SWIFT_VERSION = 5.0;
				TARGETED_DEVICE_FAMILY = "1,2";
			};
			name = Debug;
		};
		85700DBB2A29FDFB00F2AD3E /* Release */ = {
			isa = XCBuildConfiguration;
			buildSettings = {
				ASSETCATALOG_COMPILER_APPICON_NAME = AppIcon;
				ASSETCATALOG_COMPILER_GLOBAL_ACCENT_COLOR_NAME = AccentColor;
				CODE_SIGN_STYLE = Automatic;
				CURRENT_PROJECT_VERSION = 1;
				DEVELOPMENT_TEAM = Y8F7U4Y956;
				GENERATE_INFOPLIST_FILE = YES;
				INFOPLIST_FILE = BeymenTask/Info.plist;
				INFOPLIST_KEY_UIApplicationSupportsIndirectInputEvents = YES;
				INFOPLIST_KEY_UILaunchStoryboardName = LaunchScreen;
				INFOPLIST_KEY_UISupportedInterfaceOrientations_iPad = "UIInterfaceOrientationPortrait UIInterfaceOrientationPortraitUpsideDown UIInterfaceOrientationLandscapeLeft UIInterfaceOrientationLandscapeRight";
				INFOPLIST_KEY_UISupportedInterfaceOrientations_iPhone = "UIInterfaceOrientationPortrait UIInterfaceOrientationLandscapeLeft UIInterfaceOrientationLandscapeRight";
				LD_RUNPATH_SEARCH_PATHS = (
					"$(inherited)",
					"@executable_path/Frameworks",
				);
				MARKETING_VERSION = 1.0;
				PRODUCT_BUNDLE_IDENTIFIER = com.fmmaltd.BeymenTask;
				PRODUCT_NAME = "$(TARGET_NAME)";
				SWIFT_EMIT_LOC_STRINGS = YES;
				SWIFT_VERSION = 5.0;
				TARGETED_DEVICE_FAMILY = "1,2";
			};
			name = Release;
		};
/* End XCBuildConfiguration section */

/* Begin XCConfigurationList section */
		85700DA02A29FDFA00F2AD3E /* Build configuration list for PBXProject "BeymenTask" */ = {
			isa = XCConfigurationList;
			buildConfigurations = (
				85700DB72A29FDFB00F2AD3E /* Debug */,
				85700DB82A29FDFB00F2AD3E /* Release */,
			);
			defaultConfigurationIsVisible = 0;
			defaultConfigurationName = Release;
		};
		85700DB92A29FDFB00F2AD3E /* Build configuration list for PBXNativeTarget "BeymenTask" */ = {
			isa = XCConfigurationList;
			buildConfigurations = (
				85700DBA2A29FDFB00F2AD3E /* Debug */,
				85700DBB2A29FDFB00F2AD3E /* Release */,
			);
			defaultConfigurationIsVisible = 0;
			defaultConfigurationName = Release;
		};
/* End XCConfigurationList section */

/* Begin XCRemoteSwiftPackageReference section */
		85700DDA2A2AFBBE00F2AD3E /* XCRemoteSwiftPackageReference "realm-swift" */ = {
			isa = XCRemoteSwiftPackageReference;
			repositoryURL = "https://github.com/realm/realm-swift.git";
			requirement = {
				branch = master;
				kind = branch;
			};
		};
/* End XCRemoteSwiftPackageReference section */

/* Begin XCSwiftPackageProductDependency section */
		85700DDB2A2AFBBE00F2AD3E /* Realm */ = {
			isa = XCSwiftPackageProductDependency;
			package = 85700DDA2A2AFBBE00F2AD3E /* XCRemoteSwiftPackageReference "realm-swift" */;
			productName = Realm;
		};
		85700DDD2A2AFBBE00F2AD3E /* RealmSwift */ = {
			isa = XCSwiftPackageProductDependency;
			package = 85700DDA2A2AFBBE00F2AD3E /* XCRemoteSwiftPackageReference "realm-swift" */;
			productName = RealmSwift;
		};
/* End XCSwiftPackageProductDependency section */
	};
	rootObject = 85700D9D2A29FDFA00F2AD3E /* Project object */;
}
